
Microsoft Visual Studio Solution File, Format Version 12.00
# Visual Studio Version 17
VisualStudioVersion = 17.1.32407.343
MinimumVisualStudioVersion = 10.0.40219.1
Project("{FAE04EC0-301F-11D3-BF4B-00C04F79EFBC}") = "CacheFunTest", "CacheFunTest\CacheFunTest.csproj", "{D734C143-04CB-4398-8B37-F0D4E1CBB24B}"
EndProject
Global
	GlobalSection(SolutionConfigurationPlatforms) = preSolution
		Debug|Any CPU = Debug|Any CPU
		Release|Any CPU = Release|Any CPU
	EndGlobalSection
	GlobalSection(ProjectConfigurationPlatforms) = postSolution
		{D734C143-04CB-4398-8B37-F0D4E1CBB24B}.Debug|Any CPU.ActiveCfg = Debug|Any CPU
		{D734C143-04CB-4398-8B37-F0D4E1CBB24B}.Debug|Any CPU.Build.0 = Debug|Any CPU
		{D734C143-04CB-4398-8B37-F0D4E1CBB24B}.Release|Any CPU.ActiveCfg = Release|Any CPU
		{D734C143-04CB-4398-8B37-F0D4E1CBB24B}.Release|Any CPU.Build.0 = Release|Any CPU
	EndGlobalSection
	GlobalSection(SolutionProperties) = preSolution
		HideSolutionNode = FALSE
	EndGlobalSection
	GlobalSection(ExtensibilityGlobals) = postSolution
		SolutionGuid = {66903159-FDB0-4135-B984-241CA0C1B72B}
	EndGlobalSection
EndGlobal
